
Microsoft Visual Studio Solution File, Format Version 12.00
# Visual Studio Version 17
VisualStudioVersion = 17.10.35013.160
MinimumVisualStudioVersion = 10.0.40219.1
Project("{FAE04EC0-301F-11D3-BF4B-00C04F79EFBC}") = "EQX", "EQX\EQX.csproj", "{A2930E8F-166C-4C43-AE45-9F4C87D89DA1}"
EndProject
Global
	GlobalSection(SolutionConfigurationPlatforms) = preSolution
		Debug|Any CPU = Debug|Any CPU
		Release|Any CPU = Release|Any CPU
	EndGlobalSection
	GlobalSection(ProjectConfigurationPlatforms) = postSolution
		{A2930E8F-166C-4C43-AE45-9F4C87D89DA1}.Debug|Any CPU.ActiveCfg = Debug|Any CPU
		{A2930E8F-166C-4C43-AE45-9F4C87D89DA1}.Debug|Any CPU.Build.0 = Debug|Any CPU
		{A2930E8F-166C-4C43-AE45-9F4C87D89DA1}.Release|Any CPU.ActiveCfg = Release|Any CPU
		{A2930E8F-166C-4C43-AE45-9F4C87D89DA1}.Release|Any CPU.Build.0 = Release|Any CPU
	EndGlobalSection
	GlobalSection(SolutionProperties) = preSolution
		HideSolutionNode = FALSE
	EndGlobalSection
	GlobalSection(ExtensibilityGlobals) = postSolution
		SolutionGuid = {F49DBD93-0979-4EEE-A06E-B3AA510BBE43}
	EndGlobalSection
EndGlobal
